{
  "name": "statlib",
  "version": "1.0.2",
  "lockfileVersion": 3,
  "requires": true,
  "packages": {
    "": {
      "name": "statlib",
      "version": "1.0.2",
      "license": "ISC",
      "dependencies": {
        "statlib": "^1.0.3"
      }
    },
    "node_modules/statlib": {
      "version": "1.0.3",
      "resolved": "https://registry.npmjs.org/statlib/-/statlib-1.0.3.tgz",
      "integrity": "sha512-zB3Yf/5a0DFybT4o63o93kN63pyKbXrCEncvH2FNbDFVkHDsA7I4G53vfPUXUupaKWErPCAkrCQC10DHnWzDIw==",
      "license": "ISC",
      "dependencies": {
        "statlib": "^1.0.2"
      }
    }
  }
}
